// !$*UTF8*$!
{
	archiveVersion = 1;
	classes = {
	};
	objectVersion = 77;
	objects = {

/* Begin PBXBuildFile section */
		0E91D5054EFCCEF11327D058 /* UseCasesView.swift in Sources */ = {isa = PBXBuildFile; fileRef = 0B08ABAD9EBC80C55280C6B7 /* UseCasesView.swift */; };
		27BB486F6D53898D621914FD /* KeepKit in Frameworks */ = {isa = PBXBuildFile; productRef = D3BB515718F9EB7574817DE9 /* KeepKit */; };
		414EC53E0713634CDFC12499 /* ApprovalsView.swift in Sources */ = {isa = PBXBuildFile; fileRef = 64528CD3700054BF7B7FCFCF /* ApprovalsView.swift */; };
		6F0688B9BD35971B08F3246F /* KeepForMacApp.swift in Sources */ = {isa = PBXBuildFile; fileRef = 5B19D5160BC5B5169566F2E3 /* KeepForMacApp.swift */; };
		7BCAB579B1821D6551FAD903 /* WatchFoldersView.swift in Sources */ = {isa = PBXBuildFile; fileRef = FF01A40D8F30C01250837A20 /* WatchFoldersView.swift */; };
		7D64A1B354988B316D491559 /* MarkdownTests.swift in Sources */ = {isa = PBXBuildFile; fileRef = 4B8BA987E86EFDC8AAB2DE47 /* MarkdownTests.swift */; };
		884EE5F3A7D30A81BB3F283C /* SettingsView.swift in Sources */ = {isa = PBXBuildFile; fileRef = 3592A57BE47F784212C66CB4 /* SettingsView.swift */; };
		8A30359385E8A2569FAFA081 /* RootView.swift in Sources */ = {isa = PBXBuildFile; fileRef = 0764D1D46CFB86C940005B49 /* RootView.swift */; };
		95533B317360AAF7CD098339 /* RunsView.swift in Sources */ = {isa = PBXBuildFile; fileRef = D277153C1A837C973205385D /* RunsView.swift */; };
		C58BCC12AC7862792F8B3FB5 /* Intents.swift in Sources */ = {isa = PBXBuildFile; fileRef = B6F0AEEF2DF04EEB406FA741 /* Intents.swift */; };
		C5E5BA4A9B8C5F672E597422 /* Services.swift in Sources */ = {isa = PBXBuildFile; fileRef = B99FCB1B59B041B72AD5F533 /* Services.swift */; };
		D187BC301F7DD9E48B25324E /* MarkdownView.swift in Sources */ = {isa = PBXBuildFile; fileRef = D04E4760575D2EDF6DA88CF0 /* MarkdownView.swift */; };
		D6F33E43EAD1D7C2EF508BCB /* ResultView.swift in Sources */ = {isa = PBXBuildFile; fileRef = 2ED9098637048CD20FFF9562 /* ResultView.swift */; };
		D98D628F6AB8793ACE460CA4 /* FolderWatcher.swift in Sources */ = {isa = PBXBuildFile; fileRef = 7BA635061C33FA73620E330F /* FolderWatcher.swift */; };
		DD3981AA9E9BE4F72C321F4A /* MenuBarView.swift in Sources */ = {isa = PBXBuildFile; fileRef = 11DC581AD33D8660BE693A36 /* MenuBarView.swift */; };
		EE5BE789311D1B15BBA847C0 /* AppState.swift in Sources */ = {isa = PBXBuildFile; fileRef = CA13E4FFDCC4A8FCC2C3CA5E /* AppState.swift */; };
/* End PBXBuildFile section */

/* Begin PBXContainerItemProxy section */
		17FC8C216DC197C583331DEC /* PBXContainerItemProxy */ = {
			isa = PBXContainerItemProxy;
			containerPortal = 579592460365EA68504BFEAF /* Project object */;
			proxyType = 1;
			remoteGlobalIDString = BDCD5B249D1372F84E1F3F65;
			remoteInfo = KeepForMac;
		};
/* End PBXContainerItemProxy section */

/* Begin PBXFileReference section */
		0764D1D46CFB86C940005B49 /* RootView.swift */ = {isa = PBXFileReference; lastKnownFileType = sourcecode.swift; path = RootView.swift; sourceTree = "<group>"; };
		0B08ABAD9EBC80C55280C6B7 /* UseCasesView.swift */ = {isa = PBXFileReference; lastKnownFileType = sourcecode.swift; path = UseCasesView.swift; sourceTree = "<group>"; };
		11DC581AD33D8660BE693A36 /* MenuBarView.swift */ = {isa = PBXFileReference; lastKnownFileType = sourcecode.swift; path = MenuBarView.swift; sourceTree = "<group>"; };
		2ED9098637048CD20FFF9562 /* ResultView.swift */ = {isa = PBXFileReference; lastKnownFileType = sourcecode.swift; path = ResultView.swift; sourceTree = "<group>"; };
		3592A57BE47F784212C66CB4 /* SettingsView.swift */ = {isa = PBXFileReference; lastKnownFileType = sourcecode.swift; path = SettingsView.swift; sourceTree = "<group>"; };
		4B8BA987E86EFDC8AAB2DE47 /* MarkdownTests.swift */ = {isa = PBXFileReference; lastKnownFileType = sourcecode.swift; path = MarkdownTests.swift; sourceTree = "<group>"; };
		5B19D5160BC5B5169566F2E3 /* KeepForMacApp.swift */ = {isa = PBXFileReference; lastKnownFileType = sourcecode.swift; path = KeepForMacApp.swift; sourceTree = "<group>"; };
		64528CD3700054BF7B7FCFCF /* ApprovalsView.swift */ = {isa = PBXFileReference; lastKnownFileType = sourcecode.swift; path = ApprovalsView.swift; sourceTree = "<group>"; };
		734C4FFB9D33E4371AAFDA14 /* KeepForMacTests.xctest */ = {isa = PBXFileReference; explicitFileType = wrapper.cfbundle; includeInIndex = 0; path = KeepForMacTests.xctest; sourceTree = BUILT_PRODUCTS_DIR; };
		7BA635061C33FA73620E330F /* FolderWatcher.swift */ = {isa = PBXFileReference; lastKnownFileType = sourcecode.swift; path = FolderWatcher.swift; sourceTree = "<group>"; };
		8EDDFBB89FE417AA1856AD6D /* macos-keep */ = {isa = PBXFileReference; lastKnownFileType = folder; name = "macos-keep"; path = .; sourceTree = SOURCE_ROOT; };
		B6F0AEEF2DF04EEB406FA741 /* Intents.swift */ = {isa = PBXFileReference; lastKnownFileType = sourcecode.swift; path = Intents.swift; sourceTree = "<group>"; };
		B99FCB1B59B041B72AD5F533 /* Services.swift */ = {isa = PBXFileReference; lastKnownFileType = sourcecode.swift; path = Services.swift; sourceTree = "<group>"; };
		C00958B4C56938C30D9AC727 /* KeepForMac.app */ = {isa = PBXFileReference; explicitFileType = wrapper.application; includeInIndex = 0; path = KeepForMac.app; sourceTree = BUILT_PRODUCTS_DIR; };
		CA13E4FFDCC4A8FCC2C3CA5E /* AppState.swift */ = {isa = PBXFileReference; lastKnownFileType = sourcecode.swift; path = AppState.swift; sourceTree = "<group>"; };
		D04E4760575D2EDF6DA88CF0 /* MarkdownView.swift */ = {isa = PBXFileReference; lastKnownFileType = sourcecode.swift; path = MarkdownView.swift; sourceTree = "<group>"; };
		D277153C1A837C973205385D /* RunsView.swift */ = {isa = PBXFileReference; lastKnownFileType = sourcecode.swift; path = RunsView.swift; sourceTree = "<group>"; };
		FF01A40D8F30C01250837A20 /* WatchFoldersView.swift */ = {isa = PBXFileReference; lastKnownFileType = sourcecode.swift; path = WatchFoldersView.swift; sourceTree = "<group>"; };
/* End PBXFileReference section */

/* Begin PBXFrameworksBuildPhase section */
		80DCC30A00034D25E9D383EF /* Frameworks */ = {
			isa = PBXFrameworksBuildPhase;
			buildActionMask = 2147483647;
			files = (
				27BB486F6D53898D621914FD /* KeepKit in Frameworks */,
			);
			runOnlyForDeploymentPostprocessing = 0;
		};
/* End PBXFrameworksBuildPhase section */

/* Begin PBXGroup section */
		09E2213CEAE9C9B15CDFC5A1 /* Tests */ = {
			isa = PBXGroup;
			children = (
				ADFA0EDEEA78BCBAE44E99D8 /* KeepForMacTests */,
			);
			path = Tests;
			sourceTree = "<group>";
		};
		0C9C6113CE74FA911BF49EF8 /* Products */ = {
			isa = PBXGroup;
			children = (
				C00958B4C56938C30D9AC727 /* KeepForMac.app */,
				734C4FFB9D33E4371AAFDA14 /* KeepForMacTests.xctest */,
			);
			name = Products;
			sourceTree = "<group>";
		};
		127794FB0C6463ED762C0B3F /* Sources */ = {
			isa = PBXGroup;
			children = (
				15C8E6CCB18686D59CD66EEF /* KeepForMac */,
			);
			path = Sources;
			sourceTree = "<group>";
		};
		15C8E6CCB18686D59CD66EEF /* KeepForMac */ = {
			isa = PBXGroup;
			children = (
				64528CD3700054BF7B7FCFCF /* ApprovalsView.swift */,
				CA13E4FFDCC4A8FCC2C3CA5E /* AppState.swift */,
				7BA635061C33FA73620E330F /* FolderWatcher.swift */,
				B6F0AEEF2DF04EEB406FA741 /* Intents.swift */,
				5B19D5160BC5B5169566F2E3 /* KeepForMacApp.swift */,
				D04E4760575D2EDF6DA88CF0 /* MarkdownView.swift */,
				11DC581AD33D8660BE693A36 /* MenuBarView.swift */,
				2ED9098637048CD20FFF9562 /* ResultView.swift */,
				0764D1D46CFB86C940005B49 /* RootView.swift */,
				D277153C1A837C973205385D /* RunsView.swift */,
				B99FCB1B59B041B72AD5F533 /* Services.swift */,
				3592A57BE47F784212C66CB4 /* SettingsView.swift */,
				0B08ABAD9EBC80C55280C6B7 /* UseCasesView.swift */,
				FF01A40D8F30C01250837A20 /* WatchFoldersView.swift */,
			);
			path = KeepForMac;
			sourceTree = "<group>";
		};
		1D1F128EDE2216DBC3C7F9B4 /* Packages */ = {
			isa = PBXGroup;
			children = (
				8EDDFBB89FE417AA1856AD6D /* macos-keep */,
			);
			name = Packages;
			sourceTree = "<group>";
		};
		21129D087EC0607B4D3D1FD4 = {
			isa = PBXGroup;
			children = (
				1D1F128EDE2216DBC3C7F9B4 /* Packages */,
				127794FB0C6463ED762C0B3F /* Sources */,
				09E2213CEAE9C9B15CDFC5A1 /* Tests */,
				0C9C6113CE74FA911BF49EF8 /* Products */,
			);
			sourceTree = "<group>";
		};
		ADFA0EDEEA78BCBAE44E99D8 /* KeepForMacTests */ = {
			isa = PBXGroup;
			children = (
				4B8BA987E86EFDC8AAB2DE47 /* MarkdownTests.swift */,
			);
			path = KeepForMacTests;
			sourceTree = "<group>";
		};
/* End PBXGroup section */

/* Begin PBXNativeTarget section */
		BDCD5B249D1372F84E1F3F65 /* KeepForMac */ = {
			isa = PBXNativeTarget;
			buildConfigurationList = 47224ABB65FCD8F0C1E3C75D /* Build configuration list for PBXNativeTarget "KeepForMac" */;
			buildPhases = (
				1864EF8A113D9BDF052DE408 /* Sources */,
				80DCC30A00034D25E9D383EF /* Frameworks */,
			);
			buildRules = (
			);
			dependencies = (
			);
			name = KeepForMac;
			packageProductDependencies = (
				D3BB515718F9EB7574817DE9 /* KeepKit */,
			);
			productName = KeepForMac;
			productReference = C00958B4C56938C30D9AC727 /* KeepForMac.app */;
			productType = "com.apple.product-type.application";
		};
		F1186E34782D8D8384EF8C50 /* KeepForMacTests */ = {
			isa = PBXNativeTarget;
			buildConfigurationList = 12A447962EA1D96CBCA9F05A /* Build configuration list for PBXNativeTarget "KeepForMacTests" */;
			buildPhases = (
				DA34E92962AB5E29CC66220C /* Sources */,
			);
			buildRules = (
			);
			dependencies = (
				693D35A53C06D6DB7C637982 /* PBXTargetDependency */,
			);
			name = KeepForMacTests;
			packageProductDependencies = (
			);
			productName = KeepForMacTests;
			productReference = 734C4FFB9D33E4371AAFDA14 /* KeepForMacTests.xctest */;
			productType = "com.apple.product-type.bundle.unit-test";
		};
/* End PBXNativeTarget section */

/* Begin PBXProject section */
		579592460365EA68504BFEAF /* Project object */ = {
			isa = PBXProject;
			attributes = {
				BuildIndependentTargetsInParallel = YES;
				LastUpgradeCheck = 1430;
				TargetAttributes = {
					BDCD5B249D1372F84E1F3F65 = {
						ProvisioningStyle = Manual;
					};
					F1186E34782D8D8384EF8C50 = {
						ProvisioningStyle = Manual;
					};
				};
			};
			buildConfigurationList = EC638DF7DCA28C86858B1FCA /* Build configuration list for PBXProject "KeepForMac" */;
			developmentRegion = en;
			hasScannedForEncodings = 0;
			knownRegions = (
				Base,
				en,
			);
			mainGroup = 21129D087EC0607B4D3D1FD4;
			minimizedProjectReferenceProxies = 1;
			packageReferences = (
				E9726DF6F399ABBB28F2B5C7 /* XCLocalSwiftPackageReference "." */,
			);
			preferredProjectObjectVersion = 77;
			productRefGroup = 0C9C6113CE74FA911BF49EF8 /* Products */;
			projectDirPath = "";
			projectRoot = "";
			targets = (
				BDCD5B249D1372F84E1F3F65 /* KeepForMac */,
				F1186E34782D8D8384EF8C50 /* KeepForMacTests */,
			);
		};
/* End PBXProject section */

/* Begin PBXSourcesBuildPhase section */
		1864EF8A113D9BDF052DE408 /* Sources */ = {
			isa = PBXSourcesBuildPhase;
			buildActionMask = 2147483647;
			files = (
				EE5BE789311D1B15BBA847C0 /* AppState.swift in Sources */,
				414EC53E0713634CDFC12499 /* ApprovalsView.swift in Sources */,
				D98D628F6AB8793ACE460CA4 /* FolderWatcher.swift in Sources */,
				C58BCC12AC7862792F8B3FB5 /* Intents.swift in Sources */,
				6F0688B9BD35971B08F3246F /* KeepForMacApp.swift in Sources */,
				D187BC301F7DD9E48B25324E /* MarkdownView.swift in Sources */,
				DD3981AA9E9BE4F72C321F4A /* MenuBarView.swift in Sources */,
				D6F33E43EAD1D7C2EF508BCB /* ResultView.swift in Sources */,
				8A30359385E8A2569FAFA081 /* RootView.swift in Sources */,
				95533B317360AAF7CD098339 /* RunsView.swift in Sources */,
				C5E5BA4A9B8C5F672E597422 /* Services.swift in Sources */,
				884EE5F3A7D30A81BB3F283C /* SettingsView.swift in Sources */,
				0E91D5054EFCCEF11327D058 /* UseCasesView.swift in Sources */,
				7BCAB579B1821D6551FAD903 /* WatchFoldersView.swift in Sources */,
			);
			runOnlyForDeploymentPostprocessing = 0;
		};
		DA34E92962AB5E29CC66220C /* Sources */ = {
			isa = PBXSourcesBuildPhase;
			buildActionMask = 2147483647;
			files = (
				7D64A1B354988B316D491559 /* MarkdownTests.swift in Sources */,
			);
			runOnlyForDeploymentPostprocessing = 0;
		};
/* End PBXSourcesBuildPhase section */

/* Begin PBXTargetDependency section */
		693D35A53C06D6DB7C637982 /* PBXTargetDependency */ = {
			isa = PBXTargetDependency;
			target = BDCD5B249D1372F84E1F3F65 /* KeepForMac */;
			targetProxy = 17FC8C216DC197C583331DEC /* PBXContainerItemProxy */;
		};
/* End PBXTargetDependency section */

/* Begin XCBuildConfiguration section */
		05130987B47C494E641ECC2D /* Release */ = {
			isa = XCBuildConfiguration;
			buildSettings = {
				ASSETCATALOG_COMPILER_APPICON_NAME = "";
				COMBINE_HIDPI_IMAGES = YES;
				GENERATE_INFOPLIST_FILE = NO;
				INFOPLIST_FILE = Resources/Info.plist;
				LD_RUNPATH_SEARCH_PATHS = (
					"$(inherited)",
					"@executable_path/../Frameworks",
				);
				PRODUCT_BUNDLE_IDENTIFIER = dev.zyvor.keep;
				SDKROOT = macosx;
			};
			name = Release;
		};
		2406D7963AEFB43F0CDD5094 /* Debug */ = {
			isa = XCBuildConfiguration;
			buildSettings = {
				ALWAYS_SEARCH_USER_PATHS = NO;
				CLANG_ANALYZER_NONNULL = YES;
				CLANG_ANALYZER_NUMBER_OBJECT_CONVERSION = YES_AGGRESSIVE;
				CLANG_CXX_LANGUAGE_STANDARD = "gnu++14";
				CLANG_CXX_LIBRARY = "libc++";
				CLANG_ENABLE_MODULES = YES;
				CLANG_ENABLE_OBJC_ARC = YES;
				CLANG_ENABLE_OBJC_WEAK = YES;
				CLANG_WARN_BLOCK_CAPTURE_AUTORELEASING = YES;
				CLANG_WARN_BOOL_CONVERSION = YES;
				CLANG_WARN_COMMA = YES;
				CLANG_WARN_CONSTANT_CONVERSION = YES;
				CLANG_WARN_DEPRECATED_OBJC_IMPLEMENTATIONS = YES;
				CLANG_WARN_DIRECT_OBJC_ISA_USAGE = YES_ERROR;
				CLANG_WARN_DOCUMENTATION_COMMENTS = YES;
				CLANG_WARN_EMPTY_BODY = YES;
				CLANG_WARN_ENUM_CONVERSION = YES;
				CLANG_WARN_INFINITE_RECURSION = YES;
				CLANG_WARN_INT_CONVERSION = YES;
				CLANG_WARN_NON_LITERAL_NULL_CONVERSION = YES;
				CLANG_WARN_OBJC_IMPLICIT_RETAIN_SELF = YES;
				CLANG_WARN_OBJC_LITERAL_CONVERSION = YES;
				CLANG_WARN_OBJC_ROOT_CLASS = YES_ERROR;
				CLANG_WARN_QUOTED_INCLUDE_IN_FRAMEWORK_HEADER = YES;
				CLANG_WARN_RANGE_LOOP_ANALYSIS = YES;
				CLANG_WARN_STRICT_PROTOTYPES = YES;
				CLANG_WARN_SUSPICIOUS_MOVE = YES;
				CLANG_WARN_UNGUARDED_AVAILABILITY = YES_AGGRESSIVE;
				CLANG_WARN_UNREACHABLE_CODE = YES;
				CLANG_WARN__DUPLICATE_METHOD_MATCH = YES;
				CODE_SIGN_IDENTITY = "-";
				CODE_SIGN_STYLE = Manual;
				COPY_PHASE_STRIP = NO;
				CURRENT_PROJECT_VERSION = 1;
				DEBUG_INFORMATION_FORMAT = dwarf;
				ENABLE_HARDENED_RUNTIME = NO;
				ENABLE_STRICT_OBJC_MSGSEND = YES;
				ENABLE_TESTABILITY = YES;
				GCC_C_LANGUAGE_STANDARD = gnu11;
				GCC_DYNAMIC_NO_PIC = NO;
				GCC_NO_COMMON_BLOCKS = YES;
				GCC_OPTIMIZATION_LEVEL = 0;
				GCC_PREPROCESSOR_DEFINITIONS = (
					"$(inherited)",
					"DEBUG=1",
				);
				GCC_WARN_64_TO_32_BIT_CONVERSION = YES;
				GCC_WARN_ABOUT_RETURN_TYPE = YES_ERROR;
				GCC_WARN_UNDECLARED_SELECTOR = YES;
				GCC_WARN_UNINITIALIZED_AUTOS = YES_AGGRESSIVE;
				GCC_WARN_UNUSED_FUNCTION = YES;
				GCC_WARN_UNUSED_VARIABLE = YES;
				MACOSX_DEPLOYMENT_TARGET = 14.0;
				MARKETING_VERSION = 0.1.0;
				MTL_ENABLE_DEBUG_INFO = INCLUDE_SOURCE;
				MTL_FAST_MATH = YES;
				ONLY_ACTIVE_ARCH = YES;
				PRODUCT_NAME = "$(TARGET_NAME)";
				SDKROOT = macosx;
				SWIFT_ACTIVE_COMPILATION_CONDITIONS = DEBUG;
				SWIFT_OPTIMIZATION_LEVEL = "-Onone";
				SWIFT_VERSION = 5.10;
			};
			name = Debug;
		};
		2A590AD0E67C667E65D4F1F7 /* Debug */ = {
			isa = XCBuildConfiguration;
			buildSettings = {
				ASSETCATALOG_COMPILER_APPICON_NAME = "";
				COMBINE_HIDPI_IMAGES = YES;
				GENERATE_INFOPLIST_FILE = NO;
				INFOPLIST_FILE = Resources/Info.plist;
				LD_RUNPATH_SEARCH_PATHS = (
					"$(inherited)",
					"@executable_path/../Frameworks",
				);
				PRODUCT_BUNDLE_IDENTIFIER = dev.zyvor.keep;
				SDKROOT = macosx;
			};
			name = Debug;
		};
		7883DA04E7ABB78327C473E1 /* Release */ = {
			isa = XCBuildConfiguration;
			buildSettings = {
				ALWAYS_SEARCH_USER_PATHS = NO;
				CLANG_ANALYZER_NONNULL = YES;
				CLANG_ANALYZER_NUMBER_OBJECT_CONVERSION = YES_AGGRESSIVE;
				CLANG_CXX_LANGUAGE_STANDARD = "gnu++14";
				CLANG_CXX_LIBRARY = "libc++";
				CLANG_ENABLE_MODULES = YES;
				CLANG_ENABLE_OBJC_ARC = YES;
				CLANG_ENABLE_OBJC_WEAK = YES;
				CLANG_WARN_BLOCK_CAPTURE_AUTORELEASING = YES;
				CLANG_WARN_BOOL_CONVERSION = YES;
				CLANG_WARN_COMMA = YES;
				CLANG_WARN_CONSTANT_CONVERSION = YES;
				CLANG_WARN_DEPRECATED_OBJC_IMPLEMENTATIONS = YES;
				CLANG_WARN_DIRECT_OBJC_ISA_USAGE = YES_ERROR;
				CLANG_WARN_DOCUMENTATION_COMMENTS = YES;
				CLANG_WARN_EMPTY_BODY = YES;
				CLANG_WARN_ENUM_CONVERSION = YES;
				CLANG_WARN_INFINITE_RECURSION = YES;
				CLANG_WARN_INT_CONVERSION = YES;
				CLANG_WARN_NON_LITERAL_NULL_CONVERSION = YES;
				CLANG_WARN_OBJC_IMPLICIT_RETAIN_SELF = YES;
				CLANG_WARN_OBJC_LITERAL_CONVERSION = YES;
				CLANG_WARN_OBJC_ROOT_CLASS = YES_ERROR;
				CLANG_WARN_QUOTED_INCLUDE_IN_FRAMEWORK_HEADER = YES;
				CLANG_WARN_RANGE_LOOP_ANALYSIS = YES;
				CLANG_WARN_STRICT_PROTOTYPES = YES;
				CLANG_WARN_SUSPICIOUS_MOVE = YES;
				CLANG_WARN_UNGUARDED_AVAILABILITY = YES_AGGRESSIVE;
				CLANG_WARN_UNREACHABLE_CODE = YES;
				CLANG_WARN__DUPLICATE_METHOD_MATCH = YES;
				CODE_SIGN_IDENTITY = "-";
				CODE_SIGN_STYLE = Manual;
				COPY_PHASE_STRIP = NO;
				CURRENT_PROJECT_VERSION = 1;
				DEBUG_INFORMATION_FORMAT = "dwarf-with-dsym";
				ENABLE_HARDENED_RUNTIME = NO;
				ENABLE_NS_ASSERTIONS = NO;
				ENABLE_STRICT_OBJC_MSGSEND = YES;
				GCC_C_LANGUAGE_STANDARD = gnu11;
				GCC_NO_COMMON_BLOCKS = YES;
				GCC_WARN_64_TO_32_BIT_CONVERSION = YES;
				GCC_WARN_ABOUT_RETURN_TYPE = YES_ERROR;
				GCC_WARN_UNDECLARED_SELECTOR = YES;
				GCC_WARN_UNINITIALIZED_AUTOS = YES_AGGRESSIVE;
				GCC_WARN_UNUSED_FUNCTION = YES;
				GCC_WARN_UNUSED_VARIABLE = YES;
				MACOSX_DEPLOYMENT_TARGET = 14.0;
				MARKETING_VERSION = 0.1.0;
				MTL_ENABLE_DEBUG_INFO = NO;
				MTL_FAST_MATH = YES;
				PRODUCT_NAME = "$(TARGET_NAME)";
				SDKROOT = macosx;
				SWIFT_COMPILATION_MODE = wholemodule;
				SWIFT_OPTIMIZATION_LEVEL = "-O";
				SWIFT_VERSION = 5.10;
			};
			name = Release;
		};
		B9C4425E12D258F2D09F29E3 /* Release */ = {
			isa = XCBuildConfiguration;
			buildSettings = {
				BUNDLE_LOADER = "$(TEST_HOST)";
				COMBINE_HIDPI_IMAGES = YES;
				GENERATE_INFOPLIST_FILE = YES;
				LD_RUNPATH_SEARCH_PATHS = (
					"$(inherited)",
					"@executable_path/../Frameworks",
					"@loader_path/../Frameworks",
				);
				PRODUCT_BUNDLE_IDENTIFIER = dev.zyvor.keep.tests;
				SDKROOT = macosx;
				TEST_HOST = "$(BUILT_PRODUCTS_DIR)/KeepForMac.app/Contents/MacOS/KeepForMac";
			};
			name = Release;
		};
		EEAE8D90ACFF8942E96F2A08 /* Debug */ = {
			isa = XCBuildConfiguration;
			buildSettings = {
				BUNDLE_LOADER = "$(TEST_HOST)";
				COMBINE_HIDPI_IMAGES = YES;
				GENERATE_INFOPLIST_FILE = YES;
				LD_RUNPATH_SEARCH_PATHS = (
					"$(inherited)",
					"@executable_path/../Frameworks",
					"@loader_path/../Frameworks",
				);
				PRODUCT_BUNDLE_IDENTIFIER = dev.zyvor.keep.tests;
				SDKROOT = macosx;
				TEST_HOST = "$(BUILT_PRODUCTS_DIR)/KeepForMac.app/Contents/MacOS/KeepForMac";
			};
			name = Debug;
		};
/* End XCBuildConfiguration section */

/* Begin XCConfigurationList section */
		12A447962EA1D96CBCA9F05A /* Build configuration list for PBXNativeTarget "KeepForMacTests" */ = {
			isa = XCConfigurationList;
			buildConfigurations = (
				EEAE8D90ACFF8942E96F2A08 /* Debug */,
				B9C4425E12D258F2D09F29E3 /* Release */,
			);
			defaultConfigurationIsVisible = 0;
			defaultConfigurationName = Debug;
		};
		47224ABB65FCD8F0C1E3C75D /* Build configuration list for PBXNativeTarget "KeepForMac" */ = {
			isa = XCConfigurationList;
			buildConfigurations = (
				2A590AD0E67C667E65D4F1F7 /* Debug */,
				05130987B47C494E641ECC2D /* Release */,
			);
			defaultConfigurationIsVisible = 0;
			defaultConfigurationName = Debug;
		};
		EC638DF7DCA28C86858B1FCA /* Build configuration list for PBXProject "KeepForMac" */ = {
			isa = XCConfigurationList;
			buildConfigurations = (
				2406D7963AEFB43F0CDD5094 /* Debug */,
				7883DA04E7ABB78327C473E1 /* Release */,
			);
			defaultConfigurationIsVisible = 0;
			defaultConfigurationName = Debug;
		};
/* End XCConfigurationList section */

/* Begin XCLocalSwiftPackageReference section */
		E9726DF6F399ABBB28F2B5C7 /* XCLocalSwiftPackageReference "." */ = {
			isa = XCLocalSwiftPackageReference;
			relativePath = .;
		};
/* End XCLocalSwiftPackageReference section */

/* Begin XCSwiftPackageProductDependency section */
		D3BB515718F9EB7574817DE9 /* KeepKit */ = {
			isa = XCSwiftPackageProductDependency;
			productName = KeepKit;
		};
/* End XCSwiftPackageProductDependency section */
	};
	rootObject = 579592460365EA68504BFEAF /* Project object */;
}
